// !$*UTF8*$!
{
	archiveVersion = 1;
	classes = {
	};
	objectVersion = 48;
	objects = {

/* Begin PBXBuildFile section */
		66C017AF2087C3C000801CBE /* AppDelegate.swift in Sources */ = {isa = PBXBuildFile; fileRef = 66C017AE2087C3C000801CBE /* AppDelegate.swift */; };
		66C017B12087C3C000801CBE /* ViewController.swift in Sources */ = {isa = PBXBuildFile; fileRef = 66C017B02087C3C000801CBE /* ViewController.swift */; };
		66C017B42087C3C000801CBE /* Main.storyboard in Resources */ = {isa = PBXBuildFile; fileRef = 66C017B22087C3C000801CBE /* Main.storyboard */; };
		66C017B62087C3C000801CBE /* Assets.xcassets in Resources */ = {isa = PBXBuildFile; fileRef = 66C017B52087C3C000801CBE /* Assets.xcassets */; };
		66C017B92087C3C000801CBE /* LaunchScreen.storyboard in Resources */ = {isa = PBXBuildFile; fileRef = 66C017B72087C3C000801CBE /* LaunchScreen.storyboard */; };
		66C017C42087C3C100801CBE /* CoreML_ProjectTests.swift in Sources */ = {isa = PBXBuildFile; fileRef = 66C017C32087C3C100801CBE /* CoreML_ProjectTests.swift */; };
		66C017CF2087C3C100801CBE /* CoreML_ProjectUITests.swift in Sources */ = {isa = PBXBuildFile; fileRef = 66C017CE2087C3C100801CBE /* CoreML_ProjectUITests.swift */; };
/* End PBXBuildFile section */

/* Begin PBXContainerItemProxy section */
		66C017C02087C3C100801CBE /* PBXContainerItemProxy */ = {
			isa = PBXContainerItemProxy;
			containerPortal = 66C017A32087C3C000801CBE /* Project object */;
			proxyType = 1;
			remoteGlobalIDString = 66C017AA2087C3C000801CBE;
			remoteInfo = "CoreML-Project";
		};
		66C017CB2087C3C100801CBE /* PBXContainerItemProxy */ = {
			isa = PBXContainerItemProxy;
			containerPortal = 66C017A32087C3C000801CBE /* Project object */;
			proxyType = 1;
			remoteGlobalIDString = 66C017AA2087C3C000801CBE;
			remoteInfo = "CoreML-Project";
		};
/* End PBXContainerItemProxy section */

/* Begin PBXFileReference section */
		66C017AB2087C3C000801CBE /* CoreML-Project.app */ = {isa = PBXFileReference; explicitFileType = wrapper.application; includeInIndex = 0; path = "CoreML-Project.app"; sourceTree = BUILT_PRODUCTS_DIR; };
		66C017AE2087C3C000801CBE /* AppDelegate.swift */ = {isa = PBXFileReference; lastKnownFileType = sourcecode.swift; path = AppDelegate.swift; sourceTree = "<group>"; };
		66C017B02087C3C000801CBE /* ViewController.swift */ = {isa = PBXFileReference; lastKnownFileType = sourcecode.swift; path = ViewController.swift; sourceTree = "<group>"; };
		66C017B32087C3C000801CBE /* Base */ = {isa = PBXFileReference; lastKnownFileType = file.storyboard; name = Base; path = Base.lproj/Main.storyboard; sourceTree = "<group>"; };
		66C017B52087C3C000801CBE /* Assets.xcassets */ = {isa = PBXFileReference; lastKnownFileType = folder.assetcatalog; path = Assets.xcassets; sourceTree = "<group>"; };
		66C017B82087C3C000801CBE /* Base */ = {isa = PBXFileReference; lastKnownFileType = file.storyboard; name = Base; path = Base.lproj/LaunchScreen.storyboard; sourceTree = "<group>"; };
		66C017BA2087C3C000801CBE /* Info.plist */ = {isa = PBXFileReference; lastKnownFileType = text.plist.xml; path = Info.plist; sourceTree = "<group>"; };
		66C017BF2087C3C100801CBE /* CoreML-ProjectTests.xctest */ = {isa = PBXFileReference; explicitFileType = wrapper.cfbundle; includeInIndex = 0; path = "CoreML-ProjectTests.xctest"; sourceTree = BUILT_PRODUCTS_DIR; };
		66C017C32087C3C100801CBE /* CoreML_ProjectTests.swift */ = {isa = PBXFileReference; lastKnownFileType = sourcecode.swift; path = CoreML_ProjectTests.swift; sourceTree = "<group>"; };
		66C017C52087C3C100801CBE /* Info.plist */ = {isa = PBXFileReference; lastKnownFileType = text.plist.xml; path = Info.plist; sourceTree = "<group>"; };
		66C017CA2087C3C100801CBE /* CoreML-ProjectUITests.xctest */ = {isa = PBXFileReference; explicitFileType = wrapper.cfbundle; includeInIndex = 0; path = "CoreML-ProjectUITests.xctest"; sourceTree = BUILT_PRODUCTS_DIR; };
		66C017CE2087C3C100801CBE /* CoreML_ProjectUITests.swift */ = {isa = PBXFileReference; lastKnownFileType = sourcecode.swift; path = CoreML_ProjectUITests.swift; sourceTree = "<group>"; };
		66C017D02087C3C100801CBE /* Info.plist */ = {isa = PBXFileReference; lastKnownFileType = text.plist.xml; path = Info.plist; sourceTree = "<group>"; };
/* End PBXFileReference section */

/* Begin PBXFrameworksBuildPhase section */
		66C017A82087C3C000801CBE /* Frameworks */ = {
			isa = PBXFrameworksBuildPhase;
			buildActionMask = 2147483647;
			files = (
			);
			runOnlyForDeploymentPostprocessing = 0;
		};
		66C017BC2087C3C100801CBE /* Frameworks */ = {
			isa = PBXFrameworksBuildPhase;
			buildActionMask = 2147483647;
			files = (
			);
			runOnlyForDeploymentPostprocessing = 0;
		};
		66C017C72087C3C100801CBE /* Frameworks */ = {
			isa = PBXFrameworksBuildPhase;
			buildActionMask = 2147483647;
			files = (
			);
			runOnlyForDeploymentPostprocessing = 0;
		};
/* End PBXFrameworksBuildPhase section */

/* Begin PBXGroup section */
		66C017A22087C3C000801CBE = {
			isa = PBXGroup;
			children = (
				66C017AD2087C3C000801CBE /* CoreML-Project */,
				66C017C22087C3C100801CBE /* CoreML-ProjectTests */,
				66C017CD2087C3C100801CBE /* CoreML-ProjectUITests */,
				66C017AC2087C3C000801CBE /* Products */,
			);
			sourceTree = "<group>";
		};
		66C017AC2087C3C000801CBE /* Products */ = {
			isa = PBXGroup;
			children = (
				66C017AB2087C3C000801CBE /* CoreML-Project.app */,
				66C017BF2087C3C100801CBE /* CoreML-ProjectTests.xctest */,
				66C017CA2087C3C100801CBE /* CoreML-ProjectUITests.xctest */,
			);
			name = Products;
			sourceTree = "<group>";
		};
		66C017AD2087C3C000801CBE /* CoreML-Project */ = {
			isa = PBXGroup;
			children = (
				66C017AE2087C3C000801CBE /* AppDelegate.swift */,
				66C017B02087C3C000801CBE /* ViewController.swift */,
				66C017B22087C3C000801CBE /* Main.storyboard */,
				66C017B52087C3C000801CBE /* Assets.xcassets */,
				66C017B72087C3C000801CBE /* LaunchScreen.storyboard */,
				66C017BA2087C3C000801CBE /* Info.plist */,
			);
			path = "CoreML-Project";
			sourceTree = "<group>";
		};
		66C017C22087C3C100801CBE /* CoreML-ProjectTests */ = {
			isa = PBXGroup;
			children = (
				66C017C32087C3C100801CBE /* CoreML_ProjectTests.swift */,
				66C017C52087C3C100801CBE /* Info.plist */,
			);
			path = "CoreML-ProjectTests";
			sourceTree = "<group>";
		};
		66C017CD2087C3C100801CBE /* CoreML-ProjectUITests */ = {
			isa = PBXGroup;
			children = (
				66C017CE2087C3C100801CBE /* CoreML_ProjectUITests.swift */,
				66C017D02087C3C100801CBE /* Info.plist */,
			);
			path = "CoreML-ProjectUITests";
			sourceTree = "<group>";
		};
/* End PBXGroup section */

/* Begin PBXNativeTarget section */
		66C017AA2087C3C000801CBE /* CoreML-Project */ = {
			isa = PBXNativeTarget;
			buildConfigurationList = 66C017D32087C3C100801CBE /* Build configuration list for PBXNativeTarget "CoreML-Project" */;
			buildPhases = (
				66C017A72087C3C000801CBE /* Sources */,
				66C017A82087C3C000801CBE /* Frameworks */,
				66C017A92087C3C000801CBE /* Resources */,
			);
			buildRules = (
			);
			dependencies = (
			);
			name = "CoreML-Project";
			productName = "CoreML-Project";
			productReference = 66C017AB2087C3C000801CBE /* CoreML-Project.app */;
			productType = "com.apple.product-type.application";
		};
		66C017BE2087C3C100801CBE /* CoreML-ProjectTests */ = {
			isa = PBXNativeTarget;
			buildConfigurationList = 66C017D62087C3C100801CBE /* Build configuration list for PBXNativeTarget "CoreML-ProjectTests" */;
			buildPhases = (
				66C017BB2087C3C100801CBE /* Sources */,
				66C017BC2087C3C100801CBE /* Frameworks */,
				66C017BD2087C3C100801CBE /* Resources */,
			);
			buildRules = (
			);
			dependencies = (
				66C017C12087C3C100801CBE /* PBXTargetDependency */,
			);
			name = "CoreML-ProjectTests";
			productName = "CoreML-ProjectTests";
			productReference = 66C017BF2087C3C100801CBE /* CoreML-ProjectTests.xctest */;
			productType = "com.apple.product-type.bundle.unit-test";
		};
		66C017C92087C3C100801CBE /* CoreML-ProjectUITests */ = {
			isa = PBXNativeTarget;
			buildConfigurationList = 66C017D92087C3C100801CBE /* Build configuration list for PBXNativeTarget "CoreML-ProjectUITests" */;
			buildPhases = (
				66C017C62087C3C100801CBE /* Sources */,
				66C017C72087C3C100801CBE /* Frameworks */,
				66C017C82087C3C100801CBE /* Resources */,
			);
			buildRules = (
			);
			dependencies = (
				66C017CC2087C3C100801CBE /* PBXTargetDependency */,
			);
			name = "CoreML-ProjectUITests";
			productName = "CoreML-ProjectUITests";
			productReference = 66C017CA2087C3C100801CBE /* CoreML-ProjectUITests.xctest */;
			productType = "com.apple.product-type.bundle.ui-testing";
		};
/* End PBXNativeTarget section */

/* Begin PBXProject section */
		66C017A32087C3C000801CBE /* Project object */ = {
			isa = PBXProject;
			attributes = {
				LastSwiftUpdateCheck = 0920;
				LastUpgradeCheck = 0920;
				ORGANIZATIONNAME = "Eduardo Lombardi";
				TargetAttributes = {
					66C017AA2087C3C000801CBE = {
						CreatedOnToolsVersion = 9.2;
						ProvisioningStyle = Automatic;
					};
					66C017BE2087C3C100801CBE = {
						CreatedOnToolsVersion = 9.2;
						ProvisioningStyle = Automatic;
						TestTargetID = 66C017AA2087C3C000801CBE;
					};
					66C017C92087C3C100801CBE = {
						CreatedOnToolsVersion = 9.2;
						ProvisioningStyle = Automatic;
						TestTargetID = 66C017AA2087C3C000801CBE;
					};
				};
			};
			buildConfigurationList = 66C017A62087C3C000801CBE /* Build configuration list for PBXProject "CoreML-Project" */;
			compatibilityVersion = "Xcode 8.0";
			developmentRegion = en;
			hasScannedForEncodings = 0;
			knownRegions = (
				en,
				Base,
			);
			mainGroup = 66C017A22087C3C000801CBE;
			productRefGroup = 66C017AC2087C3C000801CBE /* Products */;
			projectDirPath = "";
			projectRoot = "";
			targets = (
				66C017AA2087C3C000801CBE /* CoreML-Project */,
				66C017BE2087C3C100801CBE /* CoreML-ProjectTests */,
				66C017C92087C3C100801CBE /* CoreML-ProjectUITests */,
			);
		};
/* End PBXProject section */

/* Begin PBXResourcesBuildPhase section */
		66C017A92087C3C000801CBE /* Resources */ = {
			isa = PBXResourcesBuildPhase;
			buildActionMask = 2147483647;
			files = (
				66C017B92087C3C000801CBE /* LaunchScreen.storyboard in Resources */,
				66C017B62087C3C000801CBE /* Assets.xcassets in Resources */,
				66C017B42087C3C000801CBE /* Main.storyboard in Resources */,
			);
			runOnlyForDeploymentPostprocessing = 0;
		};
		66C017BD2087C3C100801CBE /* Resources */ = {
			isa = PBXResourcesBuildPhase;
			buildActionMask = 2147483647;
			files = (
			);
			runOnlyForDeploymentPostprocessing = 0;
		};
		66C017C82087C3C100801CBE /* Resources */ = {
			isa = PBXResourcesBuildPhase;
			buildActionMask = 2147483647;
			files = (
			);
			runOnlyForDeploymentPostprocessing = 0;
		};
/* End PBXResourcesBuildPhase section */

/* Begin PBXSourcesBuildPhase section */
		66C017A72087C3C000801CBE /* Sources */ = {
			isa = PBXSourcesBuildPhase;
			buildActionMask = 2147483647;
			files = (
				66C017B12087C3C000801CBE /* ViewController.swift in Sources */,
				66C017AF2087C3C000801CBE /* AppDelegate.swift in Sources */,
			);
			runOnlyForDeploymentPostprocessing = 0;
		};
		66C017BB2087C3C100801CBE /* Sources */ = {
			isa = PBXSourcesBuildPhase;
			buildActionMask = 2147483647;
			files = (
				66C017C42087C3C100801CBE /* CoreML_ProjectTests.swift in Sources */,
			);
			runOnlyForDeploymentPostprocessing = 0;
		};
		66C017C62087C3C100801CBE /* Sources */ = {
			isa = PBXSourcesBuildPhase;
			buildActionMask = 2147483647;
			files = (
				66C017CF2087C3C100801CBE /* CoreML_ProjectUITests.swift in Sources */,
			);
			runOnlyForDeploymentPostprocessing = 0;
		};
/* End PBXSourcesBuildPhase section */

/* Begin PBXTargetDependency section */
		66C017C12087C3C100801CBE /* PBXTargetDependency */ = {
			isa = PBXTargetDependency;
			target = 66C017AA2087C3C000801CBE /* CoreML-Project */;
			targetProxy = 66C017C02087C3C100801CBE /* PBXContainerItemProxy */;
		};
		66C017CC2087C3C100801CBE /* PBXTargetDependency */ = {
			isa = PBXTargetDependency;
			target = 66C017AA2087C3C000801CBE /* CoreML-Project */;
			targetProxy = 66C017CB2087C3C100801CBE /* PBXContainerItemProxy */;
		};
/* End PBXTargetDependency section */

/* Begin PBXVariantGroup section */
		66C017B22087C3C000801CBE /* Main.storyboard */ = {
			isa = PBXVariantGroup;
			children = (
				66C017B32087C3C000801CBE /* Base */,
			);
			name = Main.storyboard;
			sourceTree = "<group>";
		};
		66C017B72087C3C000801CBE /* LaunchScreen.storyboard */ = {
			isa = PBXVariantGroup;
			children = (
				66C017B82087C3C000801CBE /* Base */,
			);
			name = LaunchScreen.storyboard;
			sourceTree = "<group>";
		};
/* End PBXVariantGroup section */

/* Begin XCBuildConfiguration section */
		66C017D12087C3C100801CBE /* Debug */ = {
			isa = XCBuildConfiguration;
			buildSettings = {
				ALWAYS_SEARCH_USER_PATHS = NO;
				CLANG_ANALYZER_NONNULL = YES;
				CLANG_ANALYZER_NUMBER_OBJECT_CONVERSION = YES_AGGRESSIVE;
				CLANG_CXX_LANGUAGE_STANDARD = "gnu++14";
				CLANG_CXX_LIBRARY = "libc++";
				CLANG_ENABLE_MODULES = YES;
				CLANG_ENABLE_OBJC_ARC = YES;
				CLANG_WARN_BLOCK_CAPTURE_AUTORELEASING = YES;
				CLANG_WARN_BOOL_CONVERSION = YES;
				CLANG_WARN_COMMA = YES;
				CLANG_WARN_CONSTANT_CONVERSION = YES;
				CLANG_WARN_DIRECT_OBJC_ISA_USAGE = YES_ERROR;
				CLANG_WARN_DOCUMENTATION_COMMENTS = YES;
				CLANG_WARN_EMPTY_BODY = YES;
				CLANG_WARN_ENUM_CONVERSION = YES;
				CLANG_WARN_INFINITE_RECURSION = YES;
				CLANG_WARN_INT_CONVERSION = YES;
				CLANG_WARN_NON_LITERAL_NULL_CONVERSION = YES;
				CLANG_WARN_OBJC_LITERAL_CONVERSION = YES;
				CLANG_WARN_OBJC_ROOT_CLASS = YES_ERROR;
				CLANG_WARN_RANGE_LOOP_ANALYSIS = YES;
				CLANG_WARN_STRICT_PROTOTYPES = YES;
				CLANG_WARN_SUSPICIOUS_MOVE = YES;
				CLANG_WARN_UNGUARDED_AVAILABILITY = YES_AGGRESSIVE;
				CLANG_WARN_UNREACHABLE_CODE = YES;
				CLANG_WARN__DUPLICATE_METHOD_MATCH = YES;
				CODE_SIGN_IDENTITY = "iPhone Developer";
				COPY_PHASE_STRIP = NO;
				DEBUG_INFORMATION_FORMAT = dwarf;
				ENABLE_STRICT_OBJC_MSGSEND = YES;
				ENABLE_TESTABILITY = YES;
				GCC_C_LANGUAGE_STANDARD = gnu11;
				GCC_DYNAMIC_NO_PIC = NO;
				GCC_NO_COMMON_BLOCKS = YES;
				GCC_OPTIMIZATION_LEVEL = 0;
				GCC_PREPROCESSOR_DEFINITIONS = (
					"DEBUG=1",
					"$(inherited)",
				);
				GCC_WARN_64_TO_32_BIT_CONVERSION = YES;
				GCC_WARN_ABOUT_RETURN_TYPE = YES_ERROR;
				GCC_WARN_UNDECLARED_SELECTOR = YES;
				GCC_WARN_UNINITIALIZED_AUTOS = YES_AGGRESSIVE;
				GCC_WARN_UNUSED_FUNCTION = YES;
				GCC_WARN_UNUSED_VARIABLE = YES;
				IPHONEOS_DEPLOYMENT_TARGET = 11.2;
				MTL_ENABLE_DEBUG_INFO = YES;
				ONLY_ACTIVE_ARCH = YES;
				SDKROOT = iphoneos;
				SWIFT_ACTIVE_COMPILATION_CONDITIONS = DEBUG;
				SWIFT_OPTIMIZATION_LEVEL = "-Onone";
			};
			name = Debug;
		};
		66C017D22087C3C100801CBE /* Release */ = {
			isa = XCBuildConfiguration;
			buildSettings = {
				ALWAYS_SEARCH_USER_PATHS = NO;
				CLANG_ANALYZER_NONNULL = YES;
				CLANG_ANALYZER_NUMBER_OBJECT_CONVERSION = YES_AGGRESSIVE;
				CLANG_CXX_LANGUAGE_STANDARD = "gnu++14";
				CLANG_CXX_LIBRARY = "libc++";
				CLANG_ENABLE_MODULES = YES;
				CLANG_ENABLE_OBJC_ARC = YES;
				CLANG_WARN_BLOCK_CAPTURE_AUTORELEASING = YES;
				CLANG_WARN_BOOL_CONVERSION = YES;
				CLANG_WARN_COMMA = YES;
				CLANG_WARN_CONSTANT_CONVERSION = YES;
				CLANG_WARN_DIRECT_OBJC_ISA_USAGE = YES_ERROR;
				CLANG_WARN_DOCUMENTATION_COMMENTS = YES;
				CLANG_WARN_EMPTY_BODY = YES;
				CLANG_WARN_ENUM_CONVERSION = YES;
				CLANG_WARN_INFINITE_RECURSION = YES;
				CLANG_WARN_INT_CONVERSION = YES;
				CLANG_WARN_NON_LITERAL_NULL_CONVERSION = YES;
				CLANG_WARN_OBJC_LITERAL_CONVERSION = YES;
				CLANG_WARN_OBJC_ROOT_CLASS = YES_ERROR;
				CLANG_WARN_RANGE_LOOP_ANALYSIS = YES;
				CLANG_WARN_STRICT_PROTOTYPES = YES;
				CLANG_WARN_SUSPICIOUS_MOVE = YES;
				CLANG_WARN_UNGUARDED_AVAILABILITY = YES_AGGRESSIVE;
				CLANG_WARN_UNREACHABLE_CODE = YES;
				CLANG_WARN__DUPLICATE_METHOD_MATCH = YES;
				CODE_SIGN_IDENTITY = "iPhone Developer";
				COPY_PHASE_STRIP = NO;
				DEBUG_INFORMATION_FORMAT = "dwarf-with-dsym";
				ENABLE_NS_ASSERTIONS = NO;
				ENABLE_STRICT_OBJC_MSGSEND = YES;
				GCC_C_LANGUAGE_STANDARD = gnu11;
				GCC_NO_COMMON_BLOCKS = YES;
				GCC_WARN_64_TO_32_BIT_CONVERSION = YES;
				GCC_WARN_ABOUT_RETURN_TYPE = YES_ERROR;
				GCC_WARN_UNDECLARED_SELECTOR = YES;
				GCC_WARN_UNINITIALIZED_AUTOS = YES_AGGRESSIVE;
				GCC_WARN_UNUSED_FUNCTION = YES;
				GCC_WARN_UNUSED_VARIABLE = YES;
				IPHONEOS_DEPLOYMENT_TARGET = 11.2;
				MTL_ENABLE_DEBUG_INFO = NO;
				SDKROOT = iphoneos;
				SWIFT_OPTIMIZATION_LEVEL = "-Owholemodule";
				VALIDATE_PRODUCT = YES;
			};
			name = Release;
		};
		66C017D42087C3C100801CBE /* Debug */ = {
			isa = XCBuildConfiguration;
			buildSettings = {
				ASSETCATALOG_COMPILER_APPICON_NAME = AppIcon;
				CODE_SIGN_STYLE = Automatic;
				DEVELOPMENT_TEAM = QZE9PCCX24;
				INFOPLIST_FILE = "CoreML-Project/Info.plist";
				LD_RUNPATH_SEARCH_PATHS = "$(inherited) @executable_path/Frameworks";
				PRODUCT_BUNDLE_IDENTIFIER = "servidoressp.brq.com.CoreML-Project";
				PRODUCT_NAME = "$(TARGET_NAME)";
				SWIFT_VERSION = 4.0;
				TARGETED_DEVICE_FAMILY = "1,2";
			};
			name = Debug;
		};
		66C017D52087C3C100801CBE /* Release */ = {
			isa = XCBuildConfiguration;
			buildSettings = {
				ASSETCATALOG_COMPILER_APPICON_NAME = AppIcon;
				CODE_SIGN_STYLE = Automatic;
				DEVELOPMENT_TEAM = QZE9PCCX24;
				INFOPLIST_FILE = "CoreML-Project/Info.plist";
				LD_RUNPATH_SEARCH_PATHS = "$(inherited) @executable_path/Frameworks";
				PRODUCT_BUNDLE_IDENTIFIER = "servidoressp.brq.com.CoreML-Project";
				PRODUCT_NAME = "$(TARGET_NAME)";
				SWIFT_VERSION = 4.0;
				TARGETED_DEVICE_FAMILY = "1,2";
			};
			name = Release;
		};
		66C017D72087C3C100801CBE /* Debug */ = {
			isa = XCBuildConfiguration;
			buildSettings = {
				ALWAYS_EMBED_SWIFT_STANDARD_LIBRARIES = YES;
				BUNDLE_LOADER = "$(TEST_HOST)";
				CODE_SIGN_STYLE = Automatic;
				INFOPLIST_FILE = "CoreML-ProjectTests/Info.plist";
				LD_RUNPATH_SEARCH_PATHS = "$(inherited) @executable_path/Frameworks @loader_path/Frameworks";
				PRODUCT_BUNDLE_IDENTIFIER = "servidoressp.brq.com.CoreML-ProjectTests";
				PRODUCT_NAME = "$(TARGET_NAME)";
				SWIFT_VERSION = 4.0;
				TARGETED_DEVICE_FAMILY = "1,2";
				TEST_HOST = "$(BUILT_PRODUCTS_DIR)/CoreML-Project.app/CoreML-Project";
			};
			name = Debug;
		};
		66C017D82087C3C100801CBE /* Release */ = {
			isa = XCBuildConfiguration;
			buildSettings = {
				ALWAYS_EMBED_SWIFT_STANDARD_LIBRARIES = YES;
				BUNDLE_LOADER = "$(TEST_HOST)";
				CODE_SIGN_STYLE = Automatic;
				INFOPLIST_FILE = "CoreML-ProjectTests/Info.plist";
				LD_RUNPATH_SEARCH_PATHS = "$(inherited) @executable_path/Frameworks @loader_path/Frameworks";
				PRODUCT_BUNDLE_IDENTIFIER = "servidoressp.brq.com.CoreML-ProjectTests";
				PRODUCT_NAME = "$(TARGET_NAME)";
				SWIFT_VERSION = 4.0;
				TARGETED_DEVICE_FAMILY = "1,2";
				TEST_HOST = "$(BUILT_PRODUCTS_DIR)/CoreML-Project.app/CoreML-Project";
			};
			name = Release;
		};
		66C017DA2087C3C100801CBE /* Debug */ = {
			isa = XCBuildConfiguration;
			buildSettings = {
				ALWAYS_EMBED_SWIFT_STANDARD_LIBRARIES = YES;
				CODE_SIGN_STYLE = Automatic;
				INFOPLIST_FILE = "CoreML-ProjectUITests/Info.plist";
				LD_RUNPATH_SEARCH_PATHS = "$(inherited) @executable_path/Frameworks @loader_path/Frameworks";
				PRODUCT_BUNDLE_IDENTIFIER = "servidoressp.brq.com.CoreML-ProjectUITests";
				PRODUCT_NAME = "$(TARGET_NAME)";
				SWIFT_VERSION = 4.0;
				TARGETED_DEVICE_FAMILY = "1,2";
				TEST_TARGET_NAME = "CoreML-Project";
			};
			name = Debug;
		};
		66C017DB2087C3C100801CBE /* Release */ = {
			isa = XCBuildConfiguration;
			buildSettings = {
				ALWAYS_EMBED_SWIFT_STANDARD_LIBRARIES = YES;
				CODE_SIGN_STYLE = Automatic;
				INFOPLIST_FILE = "CoreML-ProjectUITests/Info.plist";
				LD_RUNPATH_SEARCH_PATHS = "$(inherited) @executable_path/Frameworks @loader_path/Frameworks";
				PRODUCT_BUNDLE_IDENTIFIER = "servidoressp.brq.com.CoreML-ProjectUITests";
				PRODUCT_NAME = "$(TARGET_NAME)";
				SWIFT_VERSION = 4.0;
				TARGETED_DEVICE_FAMILY = "1,2";
				TEST_TARGET_NAME = "CoreML-Project";
			};
			name = Release;
		};
/* End XCBuildConfiguration section */

/* Begin XCConfigurationList section */
		66C017A62087C3C000801CBE /* Build configuration list for PBXProject "CoreML-Project" */ = {
			isa = XCConfigurationList;
			buildConfigurations = (
				66C017D12087C3C100801CBE /* Debug */,
				66C017D22087C3C100801CBE /* Release */,
			);
			defaultConfigurationIsVisible = 0;
			defaultConfigurationName = Release;
		};
		66C017D32087C3C100801CBE /* Build configuration list for PBXNativeTarget "CoreML-Project" */ = {
			isa = XCConfigurationList;
			buildConfigurations = (
				66C017D42087C3C100801CBE /* Debug */,
				66C017D52087C3C100801CBE /* Release */,
			);
			defaultConfigurationIsVisible = 0;
			defaultConfigurationName = Release;
		};
		66C017D62087C3C100801CBE /* Build configuration list for PBXNativeTarget "CoreML-ProjectTests" */ = {
			isa = XCConfigurationList;
			buildConfigurations = (
				66C017D72087C3C100801CBE /* Debug */,
				66C017D82087C3C100801CBE /* Release */,
			);
			defaultConfigurationIsVisible = 0;
			defaultConfigurationName = Release;
		};
		66C017D92087C3C100801CBE /* Build configuration list for PBXNativeTarget "CoreML-ProjectUITests" */ = {
			isa = XCConfigurationList;
			buildConfigurations = (
				66C017DA2087C3C100801CBE /* Debug */,
				66C017DB2087C3C100801CBE /* Release */,
			);
			defaultConfigurationIsVisible = 0;
			defaultConfigurationName = Release;
		};
/* End XCConfigurationList section */
	};
	rootObject = 66C017A32087C3C000801CBE /* Project object */;
}
